
Microsoft Visual Studio Solution File, Format Version 12.00
# Visual Studio 14
VisualStudioVersion = 14.0.23107.0
MinimumVisualStudioVersion = 10.0.40219.1
Project("{FAE04EC0-301F-11D3-BF4B-00C04F79EFBC}") = "Effective", "Effective\Effective.csproj", "{F8630C2B-2F5D-4CE8-8AFC-E744633C965C}"
EndProject
Project("{2150E333-8FDC-42A3-9474-1A3956D46DE8}") = "Solution Items", "Solution Items", "{68F021AE-B24E-4957-9132-D4AEF6859FD0}"
	ProjectSection(SolutionItems) = preProject
		README.md = README.md
	EndProjectSection
EndProject
Project("{FAE04EC0-301F-11D3-BF4B-00C04F79EFBC}") = "Item2_Test", "Item2_Test\Item2_Test.csproj", "{5FDA712F-6185-49BB-84BD-0CDF8D77862E}"
EndProject
Project("{FAE04EC0-301F-11D3-BF4B-00C04F79EFBC}") = "Effective02", "Effective02\Effective02.csproj", "{1C97989F-FB99-459B-B03A-D8DCC17B513E}"
EndProject
Project("{FAE04EC0-301F-11D3-BF4B-00C04F79EFBC}") = "Effective03", "Effective03\Effective03.csproj", "{F4B6B5C0-31D7-4046-BC5C-D7194A49BF35}"
EndProject
Project("{FAE04EC0-301F-11D3-BF4B-00C04F79EFBC}") = "Effective_20151110", "Effective_20151111\Effective_20151110.csproj", "{8439E8B3-6D25-451D-9DAF-201F05C9AE4A}"
EndProject
Project("{FAE04EC0-301F-11D3-BF4B-00C04F79EFBC}") = "Effective_20151111", "Effective_20151111\Effective_20151111.csproj", "{9EB77092-B959-4B02-8AB1-B7363EB59443}"
EndProject
Project("{E24C65DC-7377-472B-9ABA-BC803B73C61A}") = "TestWebService", "..\..\TestWebService\", "{F02B441F-137D-44EF-B4AA-B340F3BD1CCE}"
	ProjectSection(WebsiteProperties) = preProject
		TargetFrameworkMoniker = ".NETFramework,Version%3Dv3.5"
		Debug.AspNetCompiler.VirtualPath = "/localhost_52887"
		Debug.AspNetCompiler.PhysicalPath = "..\..\TestWebService\"
		Debug.AspNetCompiler.TargetPath = "PrecompiledWeb\localhost_52887\"
		Debug.AspNetCompiler.Updateable = "true"
		Debug.AspNetCompiler.ForceOverwrite = "true"
		Debug.AspNetCompiler.FixedNames = "false"
		Debug.AspNetCompiler.Debug = "True"
		Release.AspNetCompiler.VirtualPath = "/localhost_52887"
		Release.AspNetCompiler.PhysicalPath = "..\..\TestWebService\"
		Release.AspNetCompiler.TargetPath = "PrecompiledWeb\localhost_52887\"
		Release.AspNetCompiler.Updateable = "true"
		Release.AspNetCompiler.ForceOverwrite = "true"
		Release.AspNetCompiler.FixedNames = "false"
		Release.AspNetCompiler.Debug = "False"
		VWDPort = "52887"
	EndProjectSection
EndProject
Project("{E24C65DC-7377-472B-9ABA-BC803B73C61A}") = "WebSite1(1)", "C:\Users\창민\Documents\Visual Studio 2015\WebSites\WebSite1\", "{E9BED944-DFE8-4C82-B3F3-229AAF7FFD77}"
	ProjectSection(WebsiteProperties) = preProject
		TargetFrameworkMoniker = ".NETFramework,Version%3Dv3.5"
		Debug.AspNetCompiler.VirtualPath = "/localhost_3374"
		Debug.AspNetCompiler.PhysicalPath = "C:\Users\창민\Documents\Visual Studio 2015\WebSites\WebSite1\"
		Debug.AspNetCompiler.TargetPath = "PrecompiledWeb\localhost_3374\"
		Debug.AspNetCompiler.Updateable = "true"
		Debug.AspNetCompiler.ForceOverwrite = "true"
		Debug.AspNetCompiler.FixedNames = "false"
		Debug.AspNetCompiler.Debug = "True"
		Release.AspNetCompiler.VirtualPath = "/localhost_3374"
		Release.AspNetCompiler.PhysicalPath = "C:\Users\창민\Documents\Visual Studio 2015\WebSites\WebSite1\"
		Release.AspNetCompiler.TargetPath = "PrecompiledWeb\localhost_3374\"
		Release.AspNetCompiler.Updateable = "true"
		Release.AspNetCompiler.ForceOverwrite = "true"
		Release.AspNetCompiler.FixedNames = "false"
		Release.AspNetCompiler.Debug = "False"
		VWDPort = "3374"
		SlnRelativePath = "C:\Users\창민\Documents\Visual Studio 2015\WebSites\WebSite1\"
		DefaultWebSiteLanguage = "Visual C#"
	EndProjectSection
EndProject
Project("{FAE04EC0-301F-11D3-BF4B-00C04F79EFBC}") = "Effective04", "Effective04\Effective04.csproj", "{475ED61C-BDA4-477A-87F3-870D034240A1}"
EndProject
Project("{FAE04EC0-301F-11D3-BF4B-00C04F79EFBC}") = "Effective04_Dll", "Effective04_Dll\Effective04_Dll.csproj", "{44C0FC10-3799-4EA2-BDD7-9E7D4FC7B8DD}"
EndProject
Global
	GlobalSection(SolutionConfigurationPlatforms) = preSolution
		Debug|Any CPU = Debug|Any CPU
		Release|Any CPU = Release|Any CPU
	EndGlobalSection
	GlobalSection(ProjectConfigurationPlatforms) = postSolution
		{F8630C2B-2F5D-4CE8-8AFC-E744633C965C}.Debug|Any CPU.ActiveCfg = Debug|Any CPU
		{F8630C2B-2F5D-4CE8-8AFC-E744633C965C}.Debug|Any CPU.Build.0 = Debug|Any CPU
		{F8630C2B-2F5D-4CE8-8AFC-E744633C965C}.Release|Any CPU.ActiveCfg = Release|Any CPU
		{F8630C2B-2F5D-4CE8-8AFC-E744633C965C}.Release|Any CPU.Build.0 = Release|Any CPU
		{5FDA712F-6185-49BB-84BD-0CDF8D77862E}.Debug|Any CPU.ActiveCfg = Debug|Any CPU
		{5FDA712F-6185-49BB-84BD-0CDF8D77862E}.Debug|Any CPU.Build.0 = Debug|Any CPU
		{5FDA712F-6185-49BB-84BD-0CDF8D77862E}.Release|Any CPU.ActiveCfg = Release|Any CPU
		{5FDA712F-6185-49BB-84BD-0CDF8D77862E}.Release|Any CPU.Build.0 = Release|Any CPU
		{1C97989F-FB99-459B-B03A-D8DCC17B513E}.Debug|Any CPU.ActiveCfg = Debug|Any CPU
		{1C97989F-FB99-459B-B03A-D8DCC17B513E}.Debug|Any CPU.Build.0 = Debug|Any CPU
		{1C97989F-FB99-459B-B03A-D8DCC17B513E}.Release|Any CPU.ActiveCfg = Release|Any CPU
		{1C97989F-FB99-459B-B03A-D8DCC17B513E}.Release|Any CPU.Build.0 = Release|Any CPU
		{F4B6B5C0-31D7-4046-BC5C-D7194A49BF35}.Debug|Any CPU.ActiveCfg = Debug|Any CPU
		{F4B6B5C0-31D7-4046-BC5C-D7194A49BF35}.Debug|Any CPU.Build.0 = Debug|Any CPU
		{F4B6B5C0-31D7-4046-BC5C-D7194A49BF35}.Release|Any CPU.ActiveCfg = Release|Any CPU
		{F4B6B5C0-31D7-4046-BC5C-D7194A49BF35}.Release|Any CPU.Build.0 = Release|Any CPU
		{8439E8B3-6D25-451D-9DAF-201F05C9AE4A}.Debug|Any CPU.ActiveCfg = Debug|Any CPU
		{8439E8B3-6D25-451D-9DAF-201F05C9AE4A}.Debug|Any CPU.Build.0 = Debug|Any CPU
		{8439E8B3-6D25-451D-9DAF-201F05C9AE4A}.Release|Any CPU.ActiveCfg = Release|Any CPU
		{8439E8B3-6D25-451D-9DAF-201F05C9AE4A}.Release|Any CPU.Build.0 = Release|Any CPU
		{9EB77092-B959-4B02-8AB1-B7363EB59443}.Debug|Any CPU.ActiveCfg = Debug|Any CPU
		{9EB77092-B959-4B02-8AB1-B7363EB59443}.Debug|Any CPU.Build.0 = Debug|Any CPU
		{9EB77092-B959-4B02-8AB1-B7363EB59443}.Release|Any CPU.ActiveCfg = Release|Any CPU
		{9EB77092-B959-4B02-8AB1-B7363EB59443}.Release|Any CPU.Build.0 = Release|Any CPU
		{F02B441F-137D-44EF-B4AA-B340F3BD1CCE}.Debug|Any CPU.ActiveCfg = Debug|Any CPU
		{F02B441F-137D-44EF-B4AA-B340F3BD1CCE}.Debug|Any CPU.Build.0 = Debug|Any CPU
		{F02B441F-137D-44EF-B4AA-B340F3BD1CCE}.Release|Any CPU.ActiveCfg = Debug|Any CPU
		{F02B441F-137D-44EF-B4AA-B340F3BD1CCE}.Release|Any CPU.Build.0 = Debug|Any CPU
		{E9BED944-DFE8-4C82-B3F3-229AAF7FFD77}.Debug|Any CPU.ActiveCfg = Debug|Any CPU
		{E9BED944-DFE8-4C82-B3F3-229AAF7FFD77}.Debug|Any CPU.Build.0 = Debug|Any CPU
		{E9BED944-DFE8-4C82-B3F3-229AAF7FFD77}.Release|Any CPU.ActiveCfg = Debug|Any CPU
		{E9BED944-DFE8-4C82-B3F3-229AAF7FFD77}.Release|Any CPU.Build.0 = Debug|Any CPU
		{475ED61C-BDA4-477A-87F3-870D034240A1}.Debug|Any CPU.ActiveCfg = Debug|Any CPU
		{475ED61C-BDA4-477A-87F3-870D034240A1}.Debug|Any CPU.Build.0 = Debug|Any CPU
		{475ED61C-BDA4-477A-87F3-870D034240A1}.Release|Any CPU.ActiveCfg = Release|Any CPU
		{475ED61C-BDA4-477A-87F3-870D034240A1}.Release|Any CPU.Build.0 = Release|Any CPU
		{44C0FC10-3799-4EA2-BDD7-9E7D4FC7B8DD}.Debug|Any CPU.ActiveCfg = Debug|Any CPU
		{44C0FC10-3799-4EA2-BDD7-9E7D4FC7B8DD}.Debug|Any CPU.Build.0 = Debug|Any CPU
		{44C0FC10-3799-4EA2-BDD7-9E7D4FC7B8DD}.Release|Any CPU.ActiveCfg = Release|Any CPU
		{44C0FC10-3799-4EA2-BDD7-9E7D4FC7B8DD}.Release|Any CPU.Build.0 = Release|Any CPU
	EndGlobalSection
	GlobalSection(SolutionProperties) = preSolution
		HideSolutionNode = FALSE
	EndGlobalSection
EndGlobal
