
Microsoft Visual Studio Solution File, Format Version 12.00
# Visual Studio 14
VisualStudioVersion = 14.0.23107.0
MinimumVisualStudioVersion = 10.0.40219.1
Project("{FAE04EC0-301F-11D3-BF4B-00C04F79EFBC}") = "Effective", "Effective\Effective.csproj", "{F8630C2B-2F5D-4CE8-8AFC-E744633C965C}"
EndProject
Project("{2150E333-8FDC-42A3-9474-1A3956D46DE8}") = "Solution Items", "Solution Items", "{68F021AE-B24E-4957-9132-D4AEF6859FD0}"
	ProjectSection(SolutionItems) = preProject
		README.md = README.md
	EndProjectSection
EndProject
Project("{FAE04EC0-301F-11D3-BF4B-00C04F79EFBC}") = "Item2_Test", "Item2_Test\Item2_Test.csproj", "{5FDA712F-6185-49BB-84BD-0CDF8D77862E}"
EndProject
Global
	GlobalSection(SolutionConfigurationPlatforms) = preSolution
		Debug|Any CPU = Debug|Any CPU
		Release|Any CPU = Release|Any CPU
	EndGlobalSection
	GlobalSection(ProjectConfigurationPlatforms) = postSolution
		{F8630C2B-2F5D-4CE8-8AFC-E744633C965C}.Debug|Any CPU.ActiveCfg = Debug|Any CPU
		{F8630C2B-2F5D-4CE8-8AFC-E744633C965C}.Debug|Any CPU.Build.0 = Debug|Any CPU
		{F8630C2B-2F5D-4CE8-8AFC-E744633C965C}.Release|Any CPU.ActiveCfg = Release|Any CPU
		{F8630C2B-2F5D-4CE8-8AFC-E744633C965C}.Release|Any CPU.Build.0 = Release|Any CPU
		{5FDA712F-6185-49BB-84BD-0CDF8D77862E}.Debug|Any CPU.ActiveCfg = Debug|Any CPU
		{5FDA712F-6185-49BB-84BD-0CDF8D77862E}.Debug|Any CPU.Build.0 = Debug|Any CPU
		{5FDA712F-6185-49BB-84BD-0CDF8D77862E}.Release|Any CPU.ActiveCfg = Release|Any CPU
		{5FDA712F-6185-49BB-84BD-0CDF8D77862E}.Release|Any CPU.Build.0 = Release|Any CPU
	EndGlobalSection
	GlobalSection(SolutionProperties) = preSolution
		HideSolutionNode = FALSE
	EndGlobalSection
EndGlobal
